// !$*UTF8*$!
{
	archiveVersion = 1;
	classes = {
	};
	objectVersion = 46;
	objects = {

/* Begin PBXBuildFile section */
		6E43B7E21CD0B4810077F51B /* AVFoundation.framework in Frameworks */ = {isa = PBXBuildFile; fileRef = 6E43B7E01CD0B45E0077F51B /* AVFoundation.framework */; };
		6EB1CF811CE39ABE006B6940 /* Resources in Resources */ = {isa = PBXBuildFile; fileRef = 6EB1CF801CE39ABE006B6940 /* Resources */; };
		6EE37B6C1C872970006E0626 /* HistogramTest.m in Sources */ = {isa = PBXBuildFile; fileRef = 6EE37B6B1C872970006E0626 /* HistogramTest.m */; };
		6EE37B961C8739E2006E0626 /* Histogram.m in Sources */ = {isa = PBXBuildFile; fileRef = 6EE37B891C8739E2006E0626 /* Histogram.m */; };
		6EE37B971C873A7A006E0626 /* Histogram.m in Sources */ = {isa = PBXBuildFile; fileRef = 6EE37B891C8739E2006E0626 /* Histogram.m */; };
		6EE37B9A1C88D07C006E0626 /* KmeanEntry.m in Sources */ = {isa = PBXBuildFile; fileRef = 6EE37B991C88D07C006E0626 /* KmeanEntry.m */; };
		6EE37B9D1C8973C7006E0626 /* KmeanEntryDataSet.m in Sources */ = {isa = PBXBuildFile; fileRef = 6EE37B9C1C8973C7006E0626 /* KmeanEntryDataSet.m */; };
		6EE37B9F1C8A0711006E0626 /* KmeanEntryTest.m in Sources */ = {isa = PBXBuildFile; fileRef = 6EE37B9E1C8A0711006E0626 /* KmeanEntryTest.m */; };
		6EE37BA01C8A23D6006E0626 /* KmeanEntry.m in Sources */ = {isa = PBXBuildFile; fileRef = 6EE37B991C88D07C006E0626 /* KmeanEntry.m */; };
		6EE37BA21C8B76D6006E0626 /* KmeanEntryDataSetTest.m in Sources */ = {isa = PBXBuildFile; fileRef = 6EE37BA11C8B76D6006E0626 /* KmeanEntryDataSetTest.m */; };
		6EE37BA31C8CCC49006E0626 /* KmeanEntryDataSet.m in Sources */ = {isa = PBXBuildFile; fileRef = 6EE37B9C1C8973C7006E0626 /* KmeanEntryDataSet.m */; };
		6EE37BA81C9020A2006E0626 /* MotionDeduction.m in Sources */ = {isa = PBXBuildFile; fileRef = 6EE37BA71C9020A2006E0626 /* MotionDeduction.m */; };
		6EE37BAA1C902E0D006E0626 /* MotionDeductionTest.m in Sources */ = {isa = PBXBuildFile; fileRef = 6EE37BA91C902E0D006E0626 /* MotionDeductionTest.m */; };
		6EE37BAB1C90608C006E0626 /* MotionDeduction.m in Sources */ = {isa = PBXBuildFile; fileRef = 6EE37BA71C9020A2006E0626 /* MotionDeduction.m */; };
		6EE37BB11C98037A006E0626 /* Cluster.m in Sources */ = {isa = PBXBuildFile; fileRef = 6EE37BB01C98037A006E0626 /* Cluster.m */; };
		6EE37BB51C981B6D006E0626 /* DistanceUtilities.m in Sources */ = {isa = PBXBuildFile; fileRef = 6EE37BB41C981B6D006E0626 /* DistanceUtilities.m */; };
		6EE37BB81C981C37006E0626 /* KmeanCalculation.m in Sources */ = {isa = PBXBuildFile; fileRef = 6EE37BB71C981C37006E0626 /* KmeanCalculation.m */; };
		8ABE3D8E1C78F77300AF659B /* main.m in Sources */ = {isa = PBXBuildFile; fileRef = 8ABE3D8D1C78F77300AF659B /* main.m */; };
		8ABE3D911C78F77300AF659B /* AppDelegate.m in Sources */ = {isa = PBXBuildFile; fileRef = 8ABE3D901C78F77300AF659B /* AppDelegate.m */; };
		8ABE3D991C78F77300AF659B /* Assets.xcassets in Resources */ = {isa = PBXBuildFile; fileRef = 8ABE3D981C78F77300AF659B /* Assets.xcassets */; };
		8AC781AF1C961DB700551D3A /* CaptureProcessManager.m in Sources */ = {isa = PBXBuildFile; fileRef = 8AC781AE1C961DB700551D3A /* CaptureProcessManager.m */; };
		8AFA90401C946F7C00AD3535 /* TrackingServiceTest.m in Sources */ = {isa = PBXBuildFile; fileRef = 8AFA903F1C946F7C00AD3535 /* TrackingServiceTest.m */; };
		8AFA90411C946FCC00AD3535 /* TrackingService.m in Sources */ = {isa = PBXBuildFile; fileRef = 8A7E1FE41C936718005B41C7 /* TrackingService.m */; };
		8AFA90431C94701600AD3535 /* Resources in Resources */ = {isa = PBXBuildFile; fileRef = 8AFA90421C94701600AD3535 /* Resources */; };
/* End PBXBuildFile section */

/* Begin PBXContainerItemProxy section */
		8A513D521C94812900A11C60 /* PBXContainerItemProxy */ = {
			isa = PBXContainerItemProxy;
			containerPortal = 8ABE3D811C78F77300AF659B /* Project object */;
			proxyType = 1;
			remoteGlobalIDString = 8ABE3D881C78F77300AF659B;
			remoteInfo = VirtualCoach;
		};
		8ABE3DAE1C78F77300AF659B /* PBXContainerItemProxy */ = {
			isa = PBXContainerItemProxy;
			containerPortal = 8ABE3D811C78F77300AF659B /* Project object */;
			proxyType = 1;
			remoteGlobalIDString = 8ABE3D881C78F77300AF659B;
			remoteInfo = VirtualCoach;
		};
/* End PBXContainerItemProxy section */

/* Begin PBXFileReference section */
		6E43B7E01CD0B45E0077F51B /* AVFoundation.framework */ = {isa = PBXFileReference; lastKnownFileType = wrapper.framework; name = AVFoundation.framework; path = System/Library/Frameworks/AVFoundation.framework; sourceTree = SDKROOT; };
		6EB1CF801CE39ABE006B6940 /* Resources */ = {isa = PBXFileReference; lastKnownFileType = folder; path = Resources; sourceTree = "<group>"; };
		6EE37B6B1C872970006E0626 /* HistogramTest.m */ = {isa = PBXFileReference; fileEncoding = 4; lastKnownFileType = sourcecode.c.objc; path = HistogramTest.m; sourceTree = "<group>"; };
		6EE37B881C8739E2006E0626 /* Histogram.h */ = {isa = PBXFileReference; fileEncoding = 4; lastKnownFileType = sourcecode.c.h; path = Histogram.h; sourceTree = "<group>"; };
		6EE37B891C8739E2006E0626 /* Histogram.m */ = {isa = PBXFileReference; fileEncoding = 4; lastKnownFileType = sourcecode.c.objc; path = Histogram.m; sourceTree = "<group>"; };
		6EE37B981C88D07C006E0626 /* KmeanEntry.h */ = {isa = PBXFileReference; fileEncoding = 4; lastKnownFileType = sourcecode.c.h; path = KmeanEntry.h; sourceTree = "<group>"; };
		6EE37B991C88D07C006E0626 /* KmeanEntry.m */ = {isa = PBXFileReference; fileEncoding = 4; lastKnownFileType = sourcecode.c.objc; path = KmeanEntry.m; sourceTree = "<group>"; };
		6EE37B9B1C8973C7006E0626 /* KmeanEntryDataSet.h */ = {isa = PBXFileReference; fileEncoding = 4; lastKnownFileType = sourcecode.c.h; path = KmeanEntryDataSet.h; sourceTree = "<group>"; };
		6EE37B9C1C8973C7006E0626 /* KmeanEntryDataSet.m */ = {isa = PBXFileReference; fileEncoding = 4; lastKnownFileType = sourcecode.c.objc; path = KmeanEntryDataSet.m; sourceTree = "<group>"; };
		6EE37B9E1C8A0711006E0626 /* KmeanEntryTest.m */ = {isa = PBXFileReference; fileEncoding = 4; lastKnownFileType = sourcecode.c.objc; path = KmeanEntryTest.m; sourceTree = "<group>"; };
		6EE37BA11C8B76D6006E0626 /* KmeanEntryDataSetTest.m */ = {isa = PBXFileReference; fileEncoding = 4; lastKnownFileType = sourcecode.c.objc; path = KmeanEntryDataSetTest.m; sourceTree = "<group>"; };
		6EE37BA61C9020A2006E0626 /* MotionDeduction.h */ = {isa = PBXFileReference; fileEncoding = 4; lastKnownFileType = sourcecode.c.h; path = MotionDeduction.h; sourceTree = "<group>"; };
		6EE37BA71C9020A2006E0626 /* MotionDeduction.m */ = {isa = PBXFileReference; fileEncoding = 4; lastKnownFileType = sourcecode.c.objc; path = MotionDeduction.m; sourceTree = "<group>"; };
		6EE37BA91C902E0D006E0626 /* MotionDeductionTest.m */ = {isa = PBXFileReference; fileEncoding = 4; lastKnownFileType = sourcecode.c.objc; path = MotionDeductionTest.m; sourceTree = "<group>"; };
		6EE37BAF1C98037A006E0626 /* Cluster.h */ = {isa = PBXFileReference; fileEncoding = 4; lastKnownFileType = sourcecode.c.h; path = Cluster.h; sourceTree = "<group>"; };
		6EE37BB01C98037A006E0626 /* Cluster.m */ = {isa = PBXFileReference; fileEncoding = 4; lastKnownFileType = sourcecode.c.objc; path = Cluster.m; sourceTree = "<group>"; };
		6EE37BB31C981B6D006E0626 /* DistanceUtilities.h */ = {isa = PBXFileReference; fileEncoding = 4; lastKnownFileType = sourcecode.c.h; path = DistanceUtilities.h; sourceTree = "<group>"; };
		6EE37BB41C981B6D006E0626 /* DistanceUtilities.m */ = {isa = PBXFileReference; fileEncoding = 4; lastKnownFileType = sourcecode.c.objc; path = DistanceUtilities.m; sourceTree = "<group>"; };
		6EE37BB61C981C37006E0626 /* KmeanCalculation.h */ = {isa = PBXFileReference; fileEncoding = 4; lastKnownFileType = sourcecode.c.h; path = KmeanCalculation.h; sourceTree = "<group>"; };
		6EE37BB71C981C37006E0626 /* KmeanCalculation.m */ = {isa = PBXFileReference; fileEncoding = 4; lastKnownFileType = sourcecode.c.objc; path = KmeanCalculation.m; sourceTree = "<group>"; };
		8ABE3D891C78F77300AF659B /* VirtualCoach.app */ = {isa = PBXFileReference; explicitFileType = wrapper.application; includeInIndex = 0; path = VirtualCoach.app; sourceTree = BUILT_PRODUCTS_DIR; };
		8ABE3D8D1C78F77300AF659B /* main.m */ = {isa = PBXFileReference; lastKnownFileType = sourcecode.c.objc; path = main.m; sourceTree = "<group>"; };
		8ABE3D8F1C78F77300AF659B /* AppDelegate.h */ = {isa = PBXFileReference; lastKnownFileType = sourcecode.c.h; path = AppDelegate.h; sourceTree = "<group>"; };
		8ABE3D901C78F77300AF659B /* AppDelegate.m */ = {isa = PBXFileReference; lastKnownFileType = sourcecode.c.objc; path = AppDelegate.m; sourceTree = "<group>"; };
		8ABE3D981C78F77300AF659B /* Assets.xcassets */ = {isa = PBXFileReference; lastKnownFileType = folder.assetcatalog; path = Assets.xcassets; sourceTree = "<group>"; };
		8ABE3D9D1C78F77300AF659B /* Info.plist */ = {isa = PBXFileReference; lastKnownFileType = text.plist.xml; path = Info.plist; sourceTree = "<group>"; };
		8ABE3DA21C78F77300AF659B /* VirtualCoachTests.xctest */ = {isa = PBXFileReference; explicitFileType = wrapper.cfbundle; includeInIndex = 0; path = VirtualCoachTests.xctest; sourceTree = BUILT_PRODUCTS_DIR; };
		8ABE3DA81C78F77300AF659B /* Info.plist */ = {isa = PBXFileReference; lastKnownFileType = text.plist.xml; path = Info.plist; sourceTree = "<group>"; };
		8ABE3DAD1C78F77300AF659B /* VirtualCoachUITests.xctest */ = {isa = PBXFileReference; explicitFileType = wrapper.cfbundle; includeInIndex = 0; path = VirtualCoachUITests.xctest; sourceTree = BUILT_PRODUCTS_DIR; };
		8ABE3DB31C78F77300AF659B /* Info.plist */ = {isa = PBXFileReference; lastKnownFileType = text.plist.xml; path = Info.plist; sourceTree = "<group>"; };
		8AC781AD1C961DB700551D3A /* CaptureProcessManager.h */ = {isa = PBXFileReference; fileEncoding = 4; lastKnownFileType = sourcecode.c.h; path = CaptureProcessManager.h; sourceTree = "<group>"; };
		8AC781AE1C961DB700551D3A /* CaptureProcessManager.m */ = {isa = PBXFileReference; fileEncoding = 4; lastKnownFileType = sourcecode.c.objc; path = CaptureProcessManager.m; sourceTree = "<group>"; };
		8AFA903F1C946F7C00AD3535 /* TrackingServiceTest.m */ = {isa = PBXFileReference; fileEncoding = 4; lastKnownFileType = sourcecode.c.objc; path = TrackingServiceTest.m; sourceTree = "<group>"; };
		8AFA90421C94701600AD3535 /* Resources */ = {isa = PBXFileReference; lastKnownFileType = folder; path = Resources; sourceTree = "<group>"; };
/* End PBXFileReference section */

/* Begin PBXFrameworksBuildPhase section */
		8ABE3D861C78F77300AF659B /* Frameworks */ = {
			isa = PBXFrameworksBuildPhase;
			buildActionMask = 2147483647;
			files = (
				6E43B7E21CD0B4810077F51B /* AVFoundation.framework in Frameworks */,
			);
			runOnlyForDeploymentPostprocessing = 0;
		};
		8ABE3D9F1C78F77300AF659B /* Frameworks */ = {
			isa = PBXFrameworksBuildPhase;
			buildActionMask = 2147483647;
			files = (
			);
			runOnlyForDeploymentPostprocessing = 0;
		};
		8ABE3DAA1C78F77300AF659B /* Frameworks */ = {
			isa = PBXFrameworksBuildPhase;
			buildActionMask = 2147483647;
			files = (
			);
			runOnlyForDeploymentPostprocessing = 0;
		};
/* End PBXFrameworksBuildPhase section */

/* Begin PBXGroup section */
		6EE37B5A1C87275E006E0626 /* Classes */ = {
			isa = PBXGroup;
			children = (
				6EE37B5B1C87275E006E0626 /* Engine */,
				6EE37B621C87275E006E0626 /* Persistence */,
				6EE37B661C87275E006E0626 /* PresentationLayer */,
				6EE37B681C87275E006E0626 /* Runtime */,
			);
			path = Classes;
			sourceTree = "<group>";
		};
		6EE37B5B1C87275E006E0626 /* Engine */ = {
			isa = PBXGroup;
			children = (
				6EE37B5C1C87275E006E0626 /* Analysis */,
				6EE37B5E1C87275E006E0626 /* Data */,
				6EE37B5F1C87275E006E0626 /* Image */,
			);
			path = Engine;
			sourceTree = "<group>";
		};
		6EE37B5C1C87275E006E0626 /* Analysis */ = {
			isa = PBXGroup;
			children = (
				6EE37BA51C8F54CE006E0626 /* Recognition */,
				6EE37B5D1C87275E006E0626 /* Classification */,
			);
			path = Analysis;
			sourceTree = "<group>";
		};
		6EE37B5D1C87275E006E0626 /* Classification */ = {
			isa = PBXGroup;
			children = (
			);
			path = Classification;
			sourceTree = "<group>";
		};
		6EE37B5E1C87275E006E0626 /* Data */ = {
			isa = PBXGroup;
			children = (
				6EE37B6B1C872970006E0626 /* HistogramTest.m */,
				6EE37B9E1C8A0711006E0626 /* KmeanEntryTest.m */,
				6EE37BA11C8B76D6006E0626 /* KmeanEntryDataSetTest.m */,
			);
			path = Data;
			sourceTree = "<group>";
		};
		6EE37B5F1C87275E006E0626 /* Image */ = {
			isa = PBXGroup;
			children = (
				6EE37B601C87275E006E0626 /* Base */,
				6EE37B611C87275E006E0626 /* Tracking */,
			);
			path = Image;
			sourceTree = "<group>";
		};
		6EE37B601C87275E006E0626 /* Base */ = {
			isa = PBXGroup;
			children = (
			);
			path = Base;
			sourceTree = "<group>";
		};
		6EE37B611C87275E006E0626 /* Tracking */ = {
			isa = PBXGroup;
			children = (
			);
			path = Tracking;
			sourceTree = "<group>";
		};
		6EE37B621C87275E006E0626 /* Persistence */ = {
			isa = PBXGroup;
			children = (
				6EE37B631C87275E006E0626 /* DAO */,
				6EE37B641C87275E006E0626 /* Database */,
			);
			path = Persistence;
			sourceTree = "<group>";
		};
		6EE37B631C87275E006E0626 /* DAO */ = {
			isa = PBXGroup;
			children = (
			);
			path = DAO;
			sourceTree = "<group>";
		};
		6EE37B641C87275E006E0626 /* Database */ = {
			isa = PBXGroup;
			children = (
				6EE37B651C87275E006E0626 /* Data */,
			);
			path = Database;
			sourceTree = "<group>";
		};
		6EE37B651C87275E006E0626 /* Data */ = {
			isa = PBXGroup;
			children = (
			);
			path = Data;
			sourceTree = "<group>";
		};
		6EE37B661C87275E006E0626 /* PresentationLayer */ = {
			isa = PBXGroup;
			children = (
				6EE37B671C87275E006E0626 /* ControllerLayer */,
			);
			path = PresentationLayer;
			sourceTree = "<group>";
		};
		6EE37B671C87275E006E0626 /* ControllerLayer */ = {
			isa = PBXGroup;
			children = (
			);
			path = ControllerLayer;
			sourceTree = "<group>";
		};
		6EE37B681C87275E006E0626 /* Runtime */ = {
			isa = PBXGroup;
			children = (
				6EE37B691C87275E006E0626 /* Initialization */,
				6EE37B6A1C87275E006E0626 /* Preferences */,
			);
			path = Runtime;
			sourceTree = "<group>";
		};
		6EE37B691C87275E006E0626 /* Initialization */ = {
			isa = PBXGroup;
			children = (
			);
			path = Initialization;
			sourceTree = "<group>";
		};
		6EE37B6A1C87275E006E0626 /* Preferences */ = {
			isa = PBXGroup;
			children = (
			);
			path = Preferences;
			sourceTree = "<group>";
		};
		6EE37B831C8739E2006E0626 /* Classes */ = {
			isa = PBXGroup;
			children = (
				6EE37B841C8739E2006E0626 /* Engine */,
				6EE37B8D1C8739E2006E0626 /* Persistence */,
				6EE37B911C8739E2006E0626 /* PresentationLayer */,
				6EE37B931C8739E2006E0626 /* Runtime */,
			);
			path = Classes;
			sourceTree = "<group>";
		};
		6EE37B841C8739E2006E0626 /* Engine */ = {
			isa = PBXGroup;
			children = (
				6EE37BB21C981B32006E0626 /* Tools */,
				6EE37B851C8739E2006E0626 /* Analysis */,
				6EE37B871C8739E2006E0626 /* Data */,
				6EE37B8A1C8739E2006E0626 /* Image */,
			);
			path = Engine;
			sourceTree = "<group>";
		};
		6EE37B851C8739E2006E0626 /* Analysis */ = {
			isa = PBXGroup;
			children = (
				6EE37BA41C8F5493006E0626 /* Recognition */,
				6EE37B861C8739E2006E0626 /* Classification */,
			);
			path = Analysis;
			sourceTree = "<group>";
		};
		6EE37B861C8739E2006E0626 /* Classification */ = {
			isa = PBXGroup;
			children = (
				6EE37BAF1C98037A006E0626 /* Cluster.h */,
				6EE37BB01C98037A006E0626 /* Cluster.m */,
				6EE37BB61C981C37006E0626 /* KmeanCalculation.h */,
				6EE37BB71C981C37006E0626 /* KmeanCalculation.m */,
			);
			path = Classification;
			sourceTree = "<group>";
		};
		6EE37B871C8739E2006E0626 /* Data */ = {
			isa = PBXGroup;
			children = (
				6EE37B881C8739E2006E0626 /* Histogram.h */,
				6EE37B891C8739E2006E0626 /* Histogram.m */,
				6EE37B981C88D07C006E0626 /* KmeanEntry.h */,
				6EE37B991C88D07C006E0626 /* KmeanEntry.m */,
				6EE37B9B1C8973C7006E0626 /* KmeanEntryDataSet.h */,
				6EE37B9C1C8973C7006E0626 /* KmeanEntryDataSet.m */,
			);
			path = Data;
			sourceTree = "<group>";
		};
		6EE37B8A1C8739E2006E0626 /* Image */ = {
			isa = PBXGroup;
			children = (
				6EE37B8B1C8739E2006E0626 /* Base */,
				6EE37B8C1C8739E2006E0626 /* Tracking */,
			);
			path = Image;
			sourceTree = "<group>";
		};
		6EE37B8B1C8739E2006E0626 /* Base */ = {
			isa = PBXGroup;
			children = (
			);
			path = Base;
			sourceTree = "<group>";
		};
		6EE37B8C1C8739E2006E0626 /* Tracking */ = {
			isa = PBXGroup;
			children = (
			);
			path = Tracking;
			sourceTree = "<group>";
		};
		6EE37B8D1C8739E2006E0626 /* Persistence */ = {
			isa = PBXGroup;
			children = (
				6EE37B8E1C8739E2006E0626 /* DAO */,
				6EE37B8F1C8739E2006E0626 /* Database */,
			);
			path = Persistence;
			sourceTree = "<group>";
		};
		6EE37B8E1C8739E2006E0626 /* DAO */ = {
			isa = PBXGroup;
			children = (
			);
			path = DAO;
			sourceTree = "<group>";
		};
		6EE37B8F1C8739E2006E0626 /* Database */ = {
			isa = PBXGroup;
			children = (
				6EE37B901C8739E2006E0626 /* Data */,
			);
			path = Database;
			sourceTree = "<group>";
		};
		6EE37B901C8739E2006E0626 /* Data */ = {
			isa = PBXGroup;
			children = (
			);
			path = Data;
			sourceTree = "<group>";
		};
		6EE37B911C8739E2006E0626 /* PresentationLayer */ = {
			isa = PBXGroup;
			children = (
				6EE37B921C8739E2006E0626 /* ControllerLayer */,
			);
			path = PresentationLayer;
			sourceTree = "<group>";
		};
		6EE37B921C8739E2006E0626 /* ControllerLayer */ = {
			isa = PBXGroup;
			children = (
			);
			path = ControllerLayer;
			sourceTree = "<group>";
		};
		6EE37B931C8739E2006E0626 /* Runtime */ = {
			isa = PBXGroup;
			children = (
				6EE37B941C8739E2006E0626 /* Initialization */,
				6EE37B951C8739E2006E0626 /* Preferences */,
			);
			path = Runtime;
			sourceTree = "<group>";
		};
		6EE37B941C8739E2006E0626 /* Initialization */ = {
			isa = PBXGroup;
			children = (
			);
			path = Initialization;
			sourceTree = "<group>";
		};
		6EE37B951C8739E2006E0626 /* Preferences */ = {
			isa = PBXGroup;
			children = (
			);
			path = Preferences;
			sourceTree = "<group>";
		};
		6EE37BA41C8F5493006E0626 /* Recognition */ = {
			isa = PBXGroup;
			children = (
				6EE37BA61C9020A2006E0626 /* MotionDeduction.h */,
				6EE37BA71C9020A2006E0626 /* MotionDeduction.m */,
			);
			path = Recognition;
			sourceTree = "<group>";
		};
		6EE37BA51C8F54CE006E0626 /* Recognition */ = {
			isa = PBXGroup;
			children = (
				6EE37BA91C902E0D006E0626 /* MotionDeductionTest.m */,
			);
			path = Recognition;
			sourceTree = "<group>";
		};
		6EE37BB21C981B32006E0626 /* Tools */ = {
			isa = PBXGroup;
			children = (
				6EE37BB31C981B6D006E0626 /* DistanceUtilities.h */,
				6EE37BB41C981B6D006E0626 /* DistanceUtilities.m */,
			);
			path = Tools;
			sourceTree = "<group>";
		};
		8ABE3D801C78F77300AF659B = {
			isa = PBXGroup;
			children = (
				6E43B7E01CD0B45E0077F51B /* AVFoundation.framework */,
				8ABE3D8B1C78F77300AF659B /* VirtualCoach */,
				8ABE3DA51C78F77300AF659B /* VirtualCoachTests */,
				8ABE3DB01C78F77300AF659B /* VirtualCoachUITests */,
				8ABE3D8A1C78F77300AF659B /* Products */,
			);
			sourceTree = "<group>";
		};
		8ABE3D8A1C78F77300AF659B /* Products */ = {
			isa = PBXGroup;
			children = (
				8ABE3D891C78F77300AF659B /* VirtualCoach.app */,
				8ABE3DA21C78F77300AF659B /* VirtualCoachTests.xctest */,
				8ABE3DAD1C78F77300AF659B /* VirtualCoachUITests.xctest */,
			);
			name = Products;
			sourceTree = "<group>";
		};
		8ABE3D8B1C78F77300AF659B /* VirtualCoach */ = {
			isa = PBXGroup;
			children = (
				8A748DBA1C7CB984007AA850 /* Classes */,
				8ABE3D8F1C78F77300AF659B /* AppDelegate.h */,
				8ABE3D901C78F77300AF659B /* AppDelegate.m */,
				8ABE3D981C78F77300AF659B /* Assets.xcassets */,
				6EE37B831C8739E2006E0626 /* Classes */,
				8ABE3D9D1C78F77300AF659B /* Info.plist */,
				8ABE3D8C1C78F77300AF659B /* Supporting Files */,
			);
			path = VirtualCoach;
			sourceTree = "<group>";
		};
		8ABE3D8C1C78F77300AF659B /* Supporting Files */ = {
			isa = PBXGroup;
			children = (
				8ABE3D8D1C78F77300AF659B /* main.m */,
			);
			name = "Supporting Files";
			sourceTree = "<group>";
		};
		8ABE3DA51C78F77300AF659B /* VirtualCoachTests */ = {
			isa = PBXGroup;
			children = (
				6EB1CF801CE39ABE006B6940 /* Resources */,
				6EE37B5A1C87275E006E0626 /* Classes */,
				8ABE3DA61C78F77300AF659B /* VirtualCoachTests.m */,
				8ABE3DA81C78F77300AF659B /* Info.plist */,
			);
			path = VirtualCoachTests;
			sourceTree = "<group>";
		};
		8ABE3DB01C78F77300AF659B /* VirtualCoachUITests */ = {
			isa = PBXGroup;
			children = (
				8ABE3DB31C78F77300AF659B /* Info.plist */,
				8A513D501C947F3800A11C60 /* VirtualCoachUITest.m */,
			);
			path = VirtualCoachUITests;
			sourceTree = "<group>";
		};
		8AD459C41C7DF58E005D51BC /* Persistence */ = {
			isa = PBXGroup;
			children = (
				8AD459C51C7DF58E005D51BC /* DAO */,
				8AD459C61C7DF58E005D51BC /* Database */,
			);
			path = Persistence;
			sourceTree = "<group>";
		};
		8AD459C51C7DF58E005D51BC /* DAO */ = {
			isa = PBXGroup;
			children = (
			);
			path = DAO;
			sourceTree = "<group>";
		};
		8AD459C61C7DF58E005D51BC /* Database */ = {
			isa = PBXGroup;
			children = (
				8AD459C71C7DF58E005D51BC /* Data */,
			);
			path = Database;
			sourceTree = "<group>";
		};
		8AD459C71C7DF58E005D51BC /* Data */ = {
			isa = PBXGroup;
			children = (
			);
			path = Data;
			sourceTree = "<group>";
		};
		8AD459CA1C7DF58E005D51BC /* Runtime */ = {
			isa = PBXGroup;
			children = (
				8AD459CB1C7DF58E005D51BC /* Initialization */,
				8AD459CC1C7DF58E005D51BC /* Preferences */,
			);
			path = Runtime;
			sourceTree = "<group>";
		};
		8AD459CB1C7DF58E005D51BC /* Initialization */ = {
			isa = PBXGroup;
			children = (
			);
			path = Initialization;
			sourceTree = "<group>";
		};
		8AD459CC1C7DF58E005D51BC /* Preferences */ = {
			isa = PBXGroup;
			children = (
			);
			path = Preferences;
			sourceTree = "<group>";
		};
		8AD459CD1C7DF597005D51BC /* Analysis */ = {
			isa = PBXGroup;
			children = (
				8A26297D1CE0E0C900AF7ABB /* Recognition */,
				8AD459CE1C7DF597005D51BC /* Classification */,
			);
			path = Analysis;
			sourceTree = "<group>";
		};
		8AD459CE1C7DF597005D51BC /* Classification */ = {
			isa = PBXGroup;
			children = (
			);
			path = Classification;
			sourceTree = "<group>";
		};
		8AFA903C1C946F5900AD3535 /* Engine */ = {
			isa = PBXGroup;
			children = (
				8A2629811CE0E0FB00AF7ABB /* Classes */,
				8AFA903D1C946F5900AD3535 /* Image */,
			);
			path = Engine;
			sourceTree = "<group>";
		};
		8AFA903D1C946F5900AD3535 /* Image */ = {
			isa = PBXGroup;
			children = (
				8AFA903E1C946F5900AD3535 /* Tracking */,
			);
			path = Image;
			sourceTree = "<group>";
		};
		8AFA903E1C946F5900AD3535 /* Tracking */ = {
			isa = PBXGroup;
			children = (
				8AFA903F1C946F7C00AD3535 /* TrackingServiceTest.m */,
			);
			path = Tracking;
			sourceTree = "<group>";
		};
/* End PBXGroup section */

/* Begin PBXNativeTarget section */
		8ABE3D881C78F77300AF659B /* VirtualCoach */ = {
			isa = PBXNativeTarget;
			buildConfigurationList = 8ABE3DB61C78F77300AF659B /* Build configuration list for PBXNativeTarget "VirtualCoach" */;
			buildPhases = (
				8ABE3D851C78F77300AF659B /* Sources */,
				8ABE3D861C78F77300AF659B /* Frameworks */,
				8ABE3D871C78F77300AF659B /* Resources */,
			);
			buildRules = (
			);
			dependencies = (
			);
			name = VirtualCoach;
			productName = VirtualCoach;
			productReference = 8ABE3D891C78F77300AF659B /* VirtualCoach.app */;
			productType = "com.apple.product-type.application";
		};
		8ABE3DA11C78F77300AF659B /* VirtualCoachTests */ = {
			isa = PBXNativeTarget;
			buildConfigurationList = 8ABE3DB91C78F77300AF659B /* Build configuration list for PBXNativeTarget "VirtualCoachTests" */;
			buildPhases = (
				8ABE3D9E1C78F77300AF659B /* Sources */,
				8ABE3D9F1C78F77300AF659B /* Frameworks */,
				8ABE3DA01C78F77300AF659B /* Resources */,
			);
			buildRules = (
			);
			dependencies = (
				8A513D531C94812900A11C60 /* PBXTargetDependency */,
			);
			name = VirtualCoachTests;
			productName = VirtualCoachTests;
			productReference = 8ABE3DA21C78F77300AF659B /* VirtualCoachTests.xctest */;
			productType = "com.apple.product-type.bundle.unit-test";
		};
		8ABE3DAC1C78F77300AF659B /* VirtualCoachUITests */ = {
			isa = PBXNativeTarget;
			buildConfigurationList = 8ABE3DBC1C78F77300AF659B /* Build configuration list for PBXNativeTarget "VirtualCoachUITests" */;
			buildPhases = (
				8ABE3DA91C78F77300AF659B /* Sources */,
				8ABE3DAA1C78F77300AF659B /* Frameworks */,
				8ABE3DAB1C78F77300AF659B /* Resources */,
			);
			buildRules = (
			);
			dependencies = (
				8ABE3DAF1C78F77300AF659B /* PBXTargetDependency */,
			);
			name = VirtualCoachUITests;
			productName = VirtualCoachUITests;
			productReference = 8ABE3DAD1C78F77300AF659B /* VirtualCoachUITests.xctest */;
			productType = "com.apple.product-type.bundle.ui-testing";
		};
/* End PBXNativeTarget section */

/* Begin PBXProject section */
		8ABE3D811C78F77300AF659B /* Project object */ = {
			isa = PBXProject;
			attributes = {
				LastUpgradeCheck = 0720;
				ORGANIZATIONNAME = itzseven;
				TargetAttributes = {
					8ABE3D881C78F77300AF659B = {
						CreatedOnToolsVersion = 7.2.1;
						DevelopmentTeam = QQ64R4PS8Q;
					};
					8ABE3DA11C78F77300AF659B = {
						CreatedOnToolsVersion = 7.2.1;
						DevelopmentTeam = QQ64R4PS8Q;
						TestTargetID = 8ABE3D881C78F77300AF659B;
					};
					8ABE3DAC1C78F77300AF659B = {
						CreatedOnToolsVersion = 7.2.1;
						DevelopmentTeam = QQ64R4PS8Q;
						TestTargetID = 8ABE3D881C78F77300AF659B;
					};
				};
			};
			buildConfigurationList = 8ABE3D841C78F77300AF659B /* Build configuration list for PBXProject "VirtualCoach" */;
			compatibilityVersion = "Xcode 3.2";
			developmentRegion = English;
			hasScannedForEncodings = 0;
			knownRegions = (
				en,
				Base,
			);
			mainGroup = 8ABE3D801C78F77300AF659B;
			productRefGroup = 8ABE3D8A1C78F77300AF659B /* Products */;
			projectDirPath = "";
			projectRoot = "";
			targets = (
				8ABE3D881C78F77300AF659B /* VirtualCoach */,
				8ABE3DA11C78F77300AF659B /* VirtualCoachTests */,
				8ABE3DAC1C78F77300AF659B /* VirtualCoachUITests */,
			);
		};
/* End PBXProject section */

/* Begin PBXResourcesBuildPhase section */
		8ABE3D871C78F77300AF659B /* Resources */ = {
			isa = PBXResourcesBuildPhase;
			buildActionMask = 2147483647;
			files = (
				8ABE3D991C78F77300AF659B /* Assets.xcassets in Resources */,
			);
			runOnlyForDeploymentPostprocessing = 0;
		};
		8ABE3DA01C78F77300AF659B /* Resources */ = {
			isa = PBXResourcesBuildPhase;
			buildActionMask = 2147483647;
			files = (
				6EB1CF811CE39ABE006B6940 /* Resources in Resources */,
			);
			runOnlyForDeploymentPostprocessing = 0;
		};
		8ABE3DAB1C78F77300AF659B /* Resources */ = {
			isa = PBXResourcesBuildPhase;
			buildActionMask = 2147483647;
			files = (
			);
			runOnlyForDeploymentPostprocessing = 0;
		};
/* End PBXResourcesBuildPhase section */

/* Begin PBXSourcesBuildPhase section */
		8ABE3D851C78F77300AF659B /* Sources */ = {
			isa = PBXSourcesBuildPhase;
			buildActionMask = 2147483647;
			files = (
				6EE37B961C8739E2006E0626 /* Histogram.m in Sources */,
				6EE37BB51C981B6D006E0626 /* DistanceUtilities.m in Sources */,
				6EE37BB81C981C37006E0626 /* KmeanCalculation.m in Sources */,
				6EE37B9A1C88D07C006E0626 /* KmeanEntry.m in Sources */,
				8ABE3D911C78F77300AF659B /* AppDelegate.m in Sources */,
				6EE37BA81C9020A2006E0626 /* MotionDeduction.m in Sources */,
				8ABE3D8E1C78F77300AF659B /* main.m in Sources */,
				6EE37BB11C98037A006E0626 /* Cluster.m in Sources */,
				6EE37B9D1C8973C7006E0626 /* KmeanEntryDataSet.m in Sources */,
			);
			runOnlyForDeploymentPostprocessing = 0;
		};
		8ABE3D9E1C78F77300AF659B /* Sources */ = {
			isa = PBXSourcesBuildPhase;
			buildActionMask = 2147483647;
			files = (
				6EE37BAB1C90608C006E0626 /* MotionDeduction.m in Sources */,
				6EE37BA31C8CCC49006E0626 /* KmeanEntryDataSet.m in Sources */,
				6EE37BA01C8A23D6006E0626 /* KmeanEntry.m in Sources */,
				6EE37B971C873A7A006E0626 /* Histogram.m in Sources */,
				6EE37BA21C8B76D6006E0626 /* KmeanEntryDataSetTest.m in Sources */,
				6EE37B9F1C8A0711006E0626 /* KmeanEntryTest.m in Sources */,
				6EE37BAA1C902E0D006E0626 /* MotionDeductionTest.m in Sources */,
				6EE37B6C1C872970006E0626 /* HistogramTest.m in Sources */,
				8ABE3DA71C78F77300AF659B /* VirtualCoachTests.m in Sources */,
			);
			runOnlyForDeploymentPostprocessing = 0;
		};
		8ABE3DA91C78F77300AF659B /* Sources */ = {
			isa = PBXSourcesBuildPhase;
			buildActionMask = 2147483647;
			files = (
				8A513D511C947F3800A11C60 /* VirtualCoachUITest.m in Sources */,
			);
			runOnlyForDeploymentPostprocessing = 0;
		};
/* End PBXSourcesBuildPhase section */

/* Begin PBXTargetDependency section */
		8A513D531C94812900A11C60 /* PBXTargetDependency */ = {
			isa = PBXTargetDependency;
			target = 8ABE3D881C78F77300AF659B /* VirtualCoach */;
			targetProxy = 8A513D521C94812900A11C60 /* PBXContainerItemProxy */;
		};
		8ABE3DAF1C78F77300AF659B /* PBXTargetDependency */ = {
			isa = PBXTargetDependency;
			target = 8ABE3D881C78F77300AF659B /* VirtualCoach */;
			targetProxy = 8ABE3DAE1C78F77300AF659B /* PBXContainerItemProxy */;
		};
/* End PBXTargetDependency section */

/* Begin XCBuildConfiguration section */
		8ABE3DB41C78F77300AF659B /* Debug */ = {
			isa = XCBuildConfiguration;
			buildSettings = {
				ALWAYS_SEARCH_USER_PATHS = NO;
				CLANG_CXX_LANGUAGE_STANDARD = "gnu++0x";
				CLANG_CXX_LIBRARY = "libc++";
				CLANG_ENABLE_MODULES = YES;
				CLANG_ENABLE_OBJC_ARC = YES;
				CLANG_WARN_BOOL_CONVERSION = YES;
				CLANG_WARN_CONSTANT_CONVERSION = YES;
				CLANG_WARN_DIRECT_OBJC_ISA_USAGE = YES_ERROR;
				CLANG_WARN_EMPTY_BODY = YES;
				CLANG_WARN_ENUM_CONVERSION = YES;
				CLANG_WARN_INT_CONVERSION = YES;
				CLANG_WARN_OBJC_ROOT_CLASS = YES_ERROR;
				CLANG_WARN_UNREACHABLE_CODE = YES;
				CLANG_WARN__DUPLICATE_METHOD_MATCH = YES;
				"CODE_SIGN_IDENTITY[sdk=iphoneos*]" = "iPhone Developer";
				COPY_PHASE_STRIP = NO;
				DEBUG_INFORMATION_FORMAT = dwarf;
				ENABLE_STRICT_OBJC_MSGSEND = YES;
				ENABLE_TESTABILITY = YES;
				GCC_C_LANGUAGE_STANDARD = gnu99;
				GCC_DYNAMIC_NO_PIC = NO;
				GCC_NO_COMMON_BLOCKS = YES;
				GCC_OPTIMIZATION_LEVEL = 0;
				GCC_PREPROCESSOR_DEFINITIONS = (
					"DEBUG=1",
					"$(inherited)",
				);
				GCC_WARN_64_TO_32_BIT_CONVERSION = YES;
				GCC_WARN_ABOUT_RETURN_TYPE = YES_ERROR;
				GCC_WARN_UNDECLARED_SELECTOR = YES;
				GCC_WARN_UNINITIALIZED_AUTOS = YES_AGGRESSIVE;
				GCC_WARN_UNUSED_FUNCTION = YES;
				GCC_WARN_UNUSED_VARIABLE = YES;
				IPHONEOS_DEPLOYMENT_TARGET = 9.2;
				MTL_ENABLE_DEBUG_INFO = YES;
				ONLY_ACTIVE_ARCH = YES;
				SDKROOT = iphoneos;
				TARGETED_DEVICE_FAMILY = 2;
			};
			name = Debug;
		};
		8ABE3DB51C78F77300AF659B /* Release */ = {
			isa = XCBuildConfiguration;
			buildSettings = {
				ALWAYS_SEARCH_USER_PATHS = NO;
				CLANG_CXX_LANGUAGE_STANDARD = "gnu++0x";
				CLANG_CXX_LIBRARY = "libc++";
				CLANG_ENABLE_MODULES = YES;
				CLANG_ENABLE_OBJC_ARC = YES;
				CLANG_WARN_BOOL_CONVERSION = YES;
				CLANG_WARN_CONSTANT_CONVERSION = YES;
				CLANG_WARN_DIRECT_OBJC_ISA_USAGE = YES_ERROR;
				CLANG_WARN_EMPTY_BODY = YES;
				CLANG_WARN_ENUM_CONVERSION = YES;
				CLANG_WARN_INT_CONVERSION = YES;
				CLANG_WARN_OBJC_ROOT_CLASS = YES_ERROR;
				CLANG_WARN_UNREACHABLE_CODE = YES;
				CLANG_WARN__DUPLICATE_METHOD_MATCH = YES;
				"CODE_SIGN_IDENTITY[sdk=iphoneos*]" = "iPhone Developer";
				COPY_PHASE_STRIP = NO;
				DEBUG_INFORMATION_FORMAT = "dwarf-with-dsym";
				ENABLE_NS_ASSERTIONS = NO;
				ENABLE_STRICT_OBJC_MSGSEND = YES;
				GCC_C_LANGUAGE_STANDARD = gnu99;
				GCC_NO_COMMON_BLOCKS = YES;
				GCC_WARN_64_TO_32_BIT_CONVERSION = YES;
				GCC_WARN_ABOUT_RETURN_TYPE = YES_ERROR;
				GCC_WARN_UNDECLARED_SELECTOR = YES;
				GCC_WARN_UNINITIALIZED_AUTOS = YES_AGGRESSIVE;
				GCC_WARN_UNUSED_FUNCTION = YES;
				GCC_WARN_UNUSED_VARIABLE = YES;
				IPHONEOS_DEPLOYMENT_TARGET = 9.2;
				MTL_ENABLE_DEBUG_INFO = NO;
				SDKROOT = iphoneos;
				TARGETED_DEVICE_FAMILY = 2;
				VALIDATE_PRODUCT = YES;
			};
			name = Release;
		};
		8ABE3DB71C78F77300AF659B /* Debug */ = {
			isa = XCBuildConfiguration;
			buildSettings = {
				ASSETCATALOG_COMPILER_APPICON_NAME = AppIcon;
				DEBUG_INFORMATION_FORMAT = "dwarf-with-dsym";
				HEADER_SEARCH_PATHS = "$(SOURCE_ROOT)/Libraries/libimagic/include/**";
				INFOPLIST_FILE = VirtualCoach/Info.plist;
				LD_RUNPATH_SEARCH_PATHS = "$(inherited) @executable_path/Frameworks";
				LIBRARY_SEARCH_PATHS = "$(PROJECT_DIR)/Libraries/libimagic";
				OTHER_LDFLAGS = "-limagic_ios";
				PRODUCT_BUNDLE_IDENTIFIER = eu.iseven.VirtualCoach;
				PRODUCT_NAME = "$(TARGET_NAME)";
			};
			name = Debug;
		};
		8ABE3DB81C78F77300AF659B /* Release */ = {
			isa = XCBuildConfiguration;
			buildSettings = {
				ASSETCATALOG_COMPILER_APPICON_NAME = AppIcon;
				HEADER_SEARCH_PATHS = "$(SOURCE_ROOT)/Libraries/libimagic/include/**";
				INFOPLIST_FILE = VirtualCoach/Info.plist;
				LD_RUNPATH_SEARCH_PATHS = "$(inherited) @executable_path/Frameworks";
				LIBRARY_SEARCH_PATHS = "$(PROJECT_DIR)/Libraries/libimagic";
				OTHER_LDFLAGS = "-limagic_ios";
				PRODUCT_BUNDLE_IDENTIFIER = eu.iseven.VirtualCoach;
				PRODUCT_NAME = "$(TARGET_NAME)";
			};
			name = Release;
		};
		8ABE3DBA1C78F77300AF659B /* Debug */ = {
			isa = XCBuildConfiguration;
			buildSettings = {
				BUNDLE_LOADER = "$(TEST_HOST)";
				HEADER_SEARCH_PATHS = "$(SOURCE_ROOT)/Libraries/libimagic/include";
				INFOPLIST_FILE = VirtualCoachTests/Info.plist;
				LD_RUNPATH_SEARCH_PATHS = "$(inherited) @executable_path/Frameworks @loader_path/Frameworks";
				LIBRARY_SEARCH_PATHS = "$(SOURCE_ROOT)/Libraries/libimagic/";
				OTHER_LDFLAGS = "-limagic_ios";
				PRODUCT_BUNDLE_IDENTIFIER = eu.iseven.VirtualCoachTests;
				PRODUCT_NAME = "$(TARGET_NAME)";
				TEST_HOST = "$(BUILT_PRODUCTS_DIR)/VirtualCoach.app/VirtualCoach";
			};
			name = Debug;
		};
		8ABE3DBB1C78F77300AF659B /* Release */ = {
			isa = XCBuildConfiguration;
			buildSettings = {
				BUNDLE_LOADER = "$(TEST_HOST)";
				HEADER_SEARCH_PATHS = "$(SOURCE_ROOT)/Libraries/libimagic/include";
				INFOPLIST_FILE = VirtualCoachTests/Info.plist;
				LD_RUNPATH_SEARCH_PATHS = "$(inherited) @executable_path/Frameworks @loader_path/Frameworks";
				LIBRARY_SEARCH_PATHS = "$(SOURCE_ROOT)/Libraries/libimagic/";
				OTHER_LDFLAGS = "-limagic_ios";
				PRODUCT_BUNDLE_IDENTIFIER = eu.iseven.VirtualCoachTests;
				PRODUCT_NAME = "$(TARGET_NAME)";
				TEST_HOST = "$(BUILT_PRODUCTS_DIR)/VirtualCoach.app/VirtualCoach";
			};
			name = Release;
		};
		8ABE3DBD1C78F77300AF659B /* Debug */ = {
			isa = XCBuildConfiguration;
			buildSettings = {
				INFOPLIST_FILE = VirtualCoachUITests/Info.plist;
				LD_RUNPATH_SEARCH_PATHS = "$(inherited) @executable_path/Frameworks @loader_path/Frameworks";
				PRODUCT_BUNDLE_IDENTIFIER = eu.iseven.VirtualCoachUITests;
				PRODUCT_NAME = "$(TARGET_NAME)";
				TEST_TARGET_NAME = VirtualCoach;
				USES_XCTRUNNER = YES;
			};
			name = Debug;
		};
		8ABE3DBE1C78F77300AF659B /* Release */ = {
			isa = XCBuildConfiguration;
			buildSettings = {
				INFOPLIST_FILE = VirtualCoachUITests/Info.plist;
				LD_RUNPATH_SEARCH_PATHS = "$(inherited) @executable_path/Frameworks @loader_path/Frameworks";
				PRODUCT_BUNDLE_IDENTIFIER = eu.iseven.VirtualCoachUITests;
				PRODUCT_NAME = "$(TARGET_NAME)";
				TEST_TARGET_NAME = VirtualCoach;
				USES_XCTRUNNER = YES;
			};
			name = Release;
		};
/* End XCBuildConfiguration section */

/* Begin XCConfigurationList section */
		8ABE3D841C78F77300AF659B /* Build configuration list for PBXProject "VirtualCoach" */ = {
			isa = XCConfigurationList;
			buildConfigurations = (
				8ABE3DB41C78F77300AF659B /* Debug */,
				8ABE3DB51C78F77300AF659B /* Release */,
			);
			defaultConfigurationIsVisible = 0;
			defaultConfigurationName = Release;
		};
		8ABE3DB61C78F77300AF659B /* Build configuration list for PBXNativeTarget "VirtualCoach" */ = {
			isa = XCConfigurationList;
			buildConfigurations = (
				8ABE3DB71C78F77300AF659B /* Debug */,
				8ABE3DB81C78F77300AF659B /* Release */,
			);
			defaultConfigurationIsVisible = 0;
			defaultConfigurationName = Release;
		};
		8ABE3DB91C78F77300AF659B /* Build configuration list for PBXNativeTarget "VirtualCoachTests" */ = {
			isa = XCConfigurationList;
			buildConfigurations = (
				8ABE3DBA1C78F77300AF659B /* Debug */,
				8ABE3DBB1C78F77300AF659B /* Release */,
			);
			defaultConfigurationIsVisible = 0;
			defaultConfigurationName = Release;
		};
		8ABE3DBC1C78F77300AF659B /* Build configuration list for PBXNativeTarget "VirtualCoachUITests" */ = {
			isa = XCConfigurationList;
			buildConfigurations = (
				8ABE3DBD1C78F77300AF659B /* Debug */,
				8ABE3DBE1C78F77300AF659B /* Release */,
			);
			defaultConfigurationIsVisible = 0;
			defaultConfigurationName = Release;
		};
/* End XCConfigurationList section */
	};
	rootObject = 8ABE3D811C78F77300AF659B /* Project object */;
}
