// !$*UTF8*$!
{
	archiveVersion = 1;
	classes = {
	};
	objectVersion = 46;
	objects = {

/* Begin PBXBuildFile section */
		8ABE3D8E1C78F77300AF659B /* main.m in Sources */ = {isa = PBXBuildFile; fileRef = 8ABE3D8D1C78F77300AF659B /* main.m */; };
		8ABE3D911C78F77300AF659B /* AppDelegate.m in Sources */ = {isa = PBXBuildFile; fileRef = 8ABE3D901C78F77300AF659B /* AppDelegate.m */; };
		8ABE3D991C78F77300AF659B /* Assets.xcassets in Resources */ = {isa = PBXBuildFile; fileRef = 8ABE3D981C78F77300AF659B /* Assets.xcassets */; };
		8ABE3DA71C78F77300AF659B /* VirtualCoachTests.m in Sources */ = {isa = PBXBuildFile; fileRef = 8ABE3DA61C78F77300AF659B /* VirtualCoachTests.m */; };
		8ABE3DB21C78F77300AF659B /* VirtualCoachUITests.m in Sources */ = {isa = PBXBuildFile; fileRef = 8ABE3DB11C78F77300AF659B /* VirtualCoachUITests.m */; };
/* End PBXBuildFile section */

/* Begin PBXContainerItemProxy section */
		8ABE3DA31C78F77300AF659B /* PBXContainerItemProxy */ = {
			isa = PBXContainerItemProxy;
			containerPortal = 8ABE3D811C78F77300AF659B /* Project object */;
			proxyType = 1;
			remoteGlobalIDString = 8ABE3D881C78F77300AF659B;
			remoteInfo = VirtualCoach;
		};
		8ABE3DAE1C78F77300AF659B /* PBXContainerItemProxy */ = {
			isa = PBXContainerItemProxy;
			containerPortal = 8ABE3D811C78F77300AF659B /* Project object */;
			proxyType = 1;
			remoteGlobalIDString = 8ABE3D881C78F77300AF659B;
			remoteInfo = VirtualCoach;
		};
/* End PBXContainerItemProxy section */

/* Begin PBXFileReference section */
		8ABE3D891C78F77300AF659B /* VirtualCoach.app */ = {isa = PBXFileReference; explicitFileType = wrapper.application; includeInIndex = 0; path = VirtualCoach.app; sourceTree = BUILT_PRODUCTS_DIR; };
		8ABE3D8D1C78F77300AF659B /* main.m */ = {isa = PBXFileReference; lastKnownFileType = sourcecode.c.objc; path = main.m; sourceTree = "<group>"; };
		8ABE3D8F1C78F77300AF659B /* AppDelegate.h */ = {isa = PBXFileReference; lastKnownFileType = sourcecode.c.h; path = AppDelegate.h; sourceTree = "<group>"; };
		8ABE3D901C78F77300AF659B /* AppDelegate.m */ = {isa = PBXFileReference; lastKnownFileType = sourcecode.c.objc; path = AppDelegate.m; sourceTree = "<group>"; };
		8ABE3D981C78F77300AF659B /* Assets.xcassets */ = {isa = PBXFileReference; lastKnownFileType = folder.assetcatalog; path = Assets.xcassets; sourceTree = "<group>"; };
		8ABE3D9D1C78F77300AF659B /* Info.plist */ = {isa = PBXFileReference; lastKnownFileType = text.plist.xml; path = Info.plist; sourceTree = "<group>"; };
		8ABE3DA21C78F77300AF659B /* VirtualCoachTests.xctest */ = {isa = PBXFileReference; explicitFileType = wrapper.cfbundle; includeInIndex = 0; path = VirtualCoachTests.xctest; sourceTree = BUILT_PRODUCTS_DIR; };
		8ABE3DA61C78F77300AF659B /* VirtualCoachTests.m */ = {isa = PBXFileReference; lastKnownFileType = sourcecode.c.objc; path = VirtualCoachTests.m; sourceTree = "<group>"; };
		8ABE3DA81C78F77300AF659B /* Info.plist */ = {isa = PBXFileReference; lastKnownFileType = text.plist.xml; path = Info.plist; sourceTree = "<group>"; };
		8ABE3DAD1C78F77300AF659B /* VirtualCoachUITests.xctest */ = {isa = PBXFileReference; explicitFileType = wrapper.cfbundle; includeInIndex = 0; path = VirtualCoachUITests.xctest; sourceTree = BUILT_PRODUCTS_DIR; };
		8ABE3DB11C78F77300AF659B /* VirtualCoachUITests.m */ = {isa = PBXFileReference; lastKnownFileType = sourcecode.c.objc; path = VirtualCoachUITests.m; sourceTree = "<group>"; };
		8ABE3DB31C78F77300AF659B /* Info.plist */ = {isa = PBXFileReference; lastKnownFileType = text.plist.xml; path = Info.plist; sourceTree = "<group>"; };
/* End PBXFileReference section */

/* Begin PBXFrameworksBuildPhase section */
		8ABE3D861C78F77300AF659B /* Frameworks */ = {
			isa = PBXFrameworksBuildPhase;
			buildActionMask = 2147483647;
			files = (
			);
			runOnlyForDeploymentPostprocessing = 0;
		};
		8ABE3D9F1C78F77300AF659B /* Frameworks */ = {
			isa = PBXFrameworksBuildPhase;
			buildActionMask = 2147483647;
			files = (
			);
			runOnlyForDeploymentPostprocessing = 0;
		};
		8ABE3DAA1C78F77300AF659B /* Frameworks */ = {
			isa = PBXFrameworksBuildPhase;
			buildActionMask = 2147483647;
			files = (
			);
			runOnlyForDeploymentPostprocessing = 0;
		};
/* End PBXFrameworksBuildPhase section */

/* Begin PBXGroup section */
		8ABE3D801C78F77300AF659B = {
			isa = PBXGroup;
			children = (
				8ABE3D8B1C78F77300AF659B /* VirtualCoach */,
				8ABE3DA51C78F77300AF659B /* VirtualCoachTests */,
				8ABE3DB01C78F77300AF659B /* VirtualCoachUITests */,
				8ABE3D8A1C78F77300AF659B /* Products */,
			);
			sourceTree = "<group>";
		};
		8ABE3D8A1C78F77300AF659B /* Products */ = {
			isa = PBXGroup;
			children = (
				8ABE3D891C78F77300AF659B /* VirtualCoach.app */,
				8ABE3DA21C78F77300AF659B /* VirtualCoachTests.xctest */,
				8ABE3DAD1C78F77300AF659B /* VirtualCoachUITests.xctest */,
			);
			name = Products;
			sourceTree = "<group>";
		};
		8ABE3D8B1C78F77300AF659B /* VirtualCoach */ = {
			isa = PBXGroup;
			children = (
				8ABE3D8F1C78F77300AF659B /* AppDelegate.h */,
				8ABE3D901C78F77300AF659B /* AppDelegate.m */,
				8ABE3D981C78F77300AF659B /* Assets.xcassets */,
				8ABE3D9D1C78F77300AF659B /* Info.plist */,
				8ABE3D8C1C78F77300AF659B /* Supporting Files */,
			);
			path = VirtualCoach;
			sourceTree = "<group>";
		};
		8ABE3D8C1C78F77300AF659B /* Supporting Files */ = {
			isa = PBXGroup;
			children = (
				8ABE3D8D1C78F77300AF659B /* main.m */,
			);
			name = "Supporting Files";
			sourceTree = "<group>";
		};
		8ABE3DA51C78F77300AF659B /* VirtualCoachTests */ = {
			isa = PBXGroup;
			children = (
				8ABE3DA61C78F77300AF659B /* VirtualCoachTests.m */,
				8ABE3DA81C78F77300AF659B /* Info.plist */,
			);
			path = VirtualCoachTests;
			sourceTree = "<group>";
		};
		8ABE3DB01C78F77300AF659B /* VirtualCoachUITests */ = {
			isa = PBXGroup;
			children = (
				8ABE3DB11C78F77300AF659B /* VirtualCoachUITests.m */,
				8ABE3DB31C78F77300AF659B /* Info.plist */,
			);
			path = VirtualCoachUITests;
			sourceTree = "<group>";
		};
/* End PBXGroup section */

/* Begin PBXNativeTarget section */
		8ABE3D881C78F77300AF659B /* VirtualCoach */ = {
			isa = PBXNativeTarget;
			buildConfigurationList = 8ABE3DB61C78F77300AF659B /* Build configuration list for PBXNativeTarget "VirtualCoach" */;
			buildPhases = (
				8ABE3D851C78F77300AF659B /* Sources */,
				8ABE3D861C78F77300AF659B /* Frameworks */,
				8ABE3D871C78F77300AF659B /* Resources */,
			);
			buildRules = (
			);
			dependencies = (
			);
			name = VirtualCoach;
			productName = VirtualCoach;
			productReference = 8ABE3D891C78F77300AF659B /* VirtualCoach.app */;
			productType = "com.apple.product-type.application";
		};
		8ABE3DA11C78F77300AF659B /* VirtualCoachTests */ = {
			isa = PBXNativeTarget;
			buildConfigurationList = 8ABE3DB91C78F77300AF659B /* Build configuration list for PBXNativeTarget "VirtualCoachTests" */;
			buildPhases = (
				8ABE3D9E1C78F77300AF659B /* Sources */,
				8ABE3D9F1C78F77300AF659B /* Frameworks */,
				8ABE3DA01C78F77300AF659B /* Resources */,
			);
			buildRules = (
			);
			dependencies = (
				8ABE3DA41C78F77300AF659B /* PBXTargetDependency */,
			);
			name = VirtualCoachTests;
			productName = VirtualCoachTests;
			productReference = 8ABE3DA21C78F77300AF659B /* VirtualCoachTests.xctest */;
			productType = "com.apple.product-type.bundle.unit-test";
		};
		8ABE3DAC1C78F77300AF659B /* VirtualCoachUITests */ = {
			isa = PBXNativeTarget;
			buildConfigurationList = 8ABE3DBC1C78F77300AF659B /* Build configuration list for PBXNativeTarget "VirtualCoachUITests" */;
			buildPhases = (
				8ABE3DA91C78F77300AF659B /* Sources */,
				8ABE3DAA1C78F77300AF659B /* Frameworks */,
				8ABE3DAB1C78F77300AF659B /* Resources */,
			);
			buildRules = (
			);
			dependencies = (
				8ABE3DAF1C78F77300AF659B /* PBXTargetDependency */,
			);
			name = VirtualCoachUITests;
			productName = VirtualCoachUITests;
			productReference = 8ABE3DAD1C78F77300AF659B /* VirtualCoachUITests.xctest */;
			productType = "com.apple.product-type.bundle.ui-testing";
		};
/* End PBXNativeTarget section */

/* Begin PBXProject section */
		8ABE3D811C78F77300AF659B /* Project object */ = {
			isa = PBXProject;
			attributes = {
				LastUpgradeCheck = 0720;
				ORGANIZATIONNAME = "Romain Dubreucq";
				TargetAttributes = {
					8ABE3D881C78F77300AF659B = {
						CreatedOnToolsVersion = 7.2.1;
						DevelopmentTeam = QQ64R4PS8Q;
					};
					8ABE3DA11C78F77300AF659B = {
						CreatedOnToolsVersion = 7.2.1;
						DevelopmentTeam = QQ64R4PS8Q;
						TestTargetID = 8ABE3D881C78F77300AF659B;
					};
					8ABE3DAC1C78F77300AF659B = {
						CreatedOnToolsVersion = 7.2.1;
						DevelopmentTeam = QQ64R4PS8Q;
						TestTargetID = 8ABE3D881C78F77300AF659B;
					};
				};
			};
			buildConfigurationList = 8ABE3D841C78F77300AF659B /* Build configuration list for PBXProject "VirtualCoach" */;
			compatibilityVersion = "Xcode 3.2";
			developmentRegion = English;
			hasScannedForEncodings = 0;
			knownRegions = (
				en,
				Base,
			);
			mainGroup = 8ABE3D801C78F77300AF659B;
			productRefGroup = 8ABE3D8A1C78F77300AF659B /* Products */;
			projectDirPath = "";
			projectRoot = "";
			targets = (
				8ABE3D881C78F77300AF659B /* VirtualCoach */,
				8ABE3DA11C78F77300AF659B /* VirtualCoachTests */,
				8ABE3DAC1C78F77300AF659B /* VirtualCoachUITests */,
			);
		};
/* End PBXProject section */

/* Begin PBXResourcesBuildPhase section */
		8ABE3D871C78F77300AF659B /* Resources */ = {
			isa = PBXResourcesBuildPhase;
			buildActionMask = 2147483647;
			files = (
				8ABE3D991C78F77300AF659B /* Assets.xcassets in Resources */,
			);
			runOnlyForDeploymentPostprocessing = 0;
		};
		8ABE3DA01C78F77300AF659B /* Resources */ = {
			isa = PBXResourcesBuildPhase;
			buildActionMask = 2147483647;
			files = (
			);
			runOnlyForDeploymentPostprocessing = 0;
		};
		8ABE3DAB1C78F77300AF659B /* Resources */ = {
			isa = PBXResourcesBuildPhase;
			buildActionMask = 2147483647;
			files = (
			);
			runOnlyForDeploymentPostprocessing = 0;
		};
/* End PBXResourcesBuildPhase section */

/* Begin PBXSourcesBuildPhase section */
		8ABE3D851C78F77300AF659B /* Sources */ = {
			isa = PBXSourcesBuildPhase;
			buildActionMask = 2147483647;
			files = (
				8ABE3D911C78F77300AF659B /* AppDelegate.m in Sources */,
				8ABE3D8E1C78F77300AF659B /* main.m in Sources */,
			);
			runOnlyForDeploymentPostprocessing = 0;
		};
		8ABE3D9E1C78F77300AF659B /* Sources */ = {
			isa = PBXSourcesBuildPhase;
			buildActionMask = 2147483647;
			files = (
				8ABE3DA71C78F77300AF659B /* VirtualCoachTests.m in Sources */,
			);
			runOnlyForDeploymentPostprocessing = 0;
		};
		8ABE3DA91C78F77300AF659B /* Sources */ = {
			isa = PBXSourcesBuildPhase;
			buildActionMask = 2147483647;
			files = (
				8ABE3DB21C78F77300AF659B /* VirtualCoachUITests.m in Sources */,
			);
			runOnlyForDeploymentPostprocessing = 0;
		};
/* End PBXSourcesBuildPhase section */

/* Begin PBXTargetDependency section */
		8ABE3DA41C78F77300AF659B /* PBXTargetDependency */ = {
			isa = PBXTargetDependency;
			target = 8ABE3D881C78F77300AF659B /* VirtualCoach */;
			targetProxy = 8ABE3DA31C78F77300AF659B /* PBXContainerItemProxy */;
		};
		8ABE3DAF1C78F77300AF659B /* PBXTargetDependency */ = {
			isa = PBXTargetDependency;
			target = 8ABE3D881C78F77300AF659B /* VirtualCoach */;
			targetProxy = 8ABE3DAE1C78F77300AF659B /* PBXContainerItemProxy */;
		};
/* End PBXTargetDependency section */

/* Begin XCBuildConfiguration section */
		8ABE3DB41C78F77300AF659B /* Debug */ = {
			isa = XCBuildConfiguration;
			buildSettings = {
				ALWAYS_SEARCH_USER_PATHS = NO;
				CLANG_CXX_LANGUAGE_STANDARD = "gnu++0x";
				CLANG_CXX_LIBRARY = "libc++";
				CLANG_ENABLE_MODULES = YES;
				CLANG_ENABLE_OBJC_ARC = YES;
				CLANG_WARN_BOOL_CONVERSION = YES;
				CLANG_WARN_CONSTANT_CONVERSION = YES;
				CLANG_WARN_DIRECT_OBJC_ISA_USAGE = YES_ERROR;
				CLANG_WARN_EMPTY_BODY = YES;
				CLANG_WARN_ENUM_CONVERSION = YES;
				CLANG_WARN_INT_CONVERSION = YES;
				CLANG_WARN_OBJC_ROOT_CLASS = YES_ERROR;
				CLANG_WARN_UNREACHABLE_CODE = YES;
				CLANG_WARN__DUPLICATE_METHOD_MATCH = YES;
				"CODE_SIGN_IDENTITY[sdk=iphoneos*]" = "iPhone Developer";
				COPY_PHASE_STRIP = NO;
				DEBUG_INFORMATION_FORMAT = dwarf;
				ENABLE_STRICT_OBJC_MSGSEND = YES;
				ENABLE_TESTABILITY = YES;
				GCC_C_LANGUAGE_STANDARD = gnu99;
				GCC_DYNAMIC_NO_PIC = NO;
				GCC_NO_COMMON_BLOCKS = YES;
				GCC_OPTIMIZATION_LEVEL = 0;
				GCC_PREPROCESSOR_DEFINITIONS = (
					"DEBUG=1",
					"$(inherited)",
				);
				GCC_WARN_64_TO_32_BIT_CONVERSION = YES;
				GCC_WARN_ABOUT_RETURN_TYPE = YES_ERROR;
				GCC_WARN_UNDECLARED_SELECTOR = YES;
				GCC_WARN_UNINITIALIZED_AUTOS = YES_AGGRESSIVE;
				GCC_WARN_UNUSED_FUNCTION = YES;
				GCC_WARN_UNUSED_VARIABLE = YES;
				IPHONEOS_DEPLOYMENT_TARGET = 9.2;
				MTL_ENABLE_DEBUG_INFO = YES;
				ONLY_ACTIVE_ARCH = YES;
				SDKROOT = iphoneos;
				TARGETED_DEVICE_FAMILY = 2;
			};
			name = Debug;
		};
		8ABE3DB51C78F77300AF659B /* Release */ = {
			isa = XCBuildConfiguration;
			buildSettings = {
				ALWAYS_SEARCH_USER_PATHS = NO;
				CLANG_CXX_LANGUAGE_STANDARD = "gnu++0x";
				CLANG_CXX_LIBRARY = "libc++";
				CLANG_ENABLE_MODULES = YES;
				CLANG_ENABLE_OBJC_ARC = YES;
				CLANG_WARN_BOOL_CONVERSION = YES;
				CLANG_WARN_CONSTANT_CONVERSION = YES;
				CLANG_WARN_DIRECT_OBJC_ISA_USAGE = YES_ERROR;
				CLANG_WARN_EMPTY_BODY = YES;
				CLANG_WARN_ENUM_CONVERSION = YES;
				CLANG_WARN_INT_CONVERSION = YES;
				CLANG_WARN_OBJC_ROOT_CLASS = YES_ERROR;
				CLANG_WARN_UNREACHABLE_CODE = YES;
				CLANG_WARN__DUPLICATE_METHOD_MATCH = YES;
				"CODE_SIGN_IDENTITY[sdk=iphoneos*]" = "iPhone Developer";
				COPY_PHASE_STRIP = NO;
				DEBUG_INFORMATION_FORMAT = "dwarf-with-dsym";
				ENABLE_NS_ASSERTIONS = NO;
				ENABLE_STRICT_OBJC_MSGSEND = YES;
				GCC_C_LANGUAGE_STANDARD = gnu99;
				GCC_NO_COMMON_BLOCKS = YES;
				GCC_WARN_64_TO_32_BIT_CONVERSION = YES;
				GCC_WARN_ABOUT_RETURN_TYPE = YES_ERROR;
				GCC_WARN_UNDECLARED_SELECTOR = YES;
				GCC_WARN_UNINITIALIZED_AUTOS = YES_AGGRESSIVE;
				GCC_WARN_UNUSED_FUNCTION = YES;
				GCC_WARN_UNUSED_VARIABLE = YES;
				IPHONEOS_DEPLOYMENT_TARGET = 9.2;
				MTL_ENABLE_DEBUG_INFO = NO;
				SDKROOT = iphoneos;
				TARGETED_DEVICE_FAMILY = 2;
				VALIDATE_PRODUCT = YES;
			};
			name = Release;
		};
		8ABE3DB71C78F77300AF659B /* Debug */ = {
			isa = XCBuildConfiguration;
			buildSettings = {
				ASSETCATALOG_COMPILER_APPICON_NAME = AppIcon;
				INFOPLIST_FILE = VirtualCoach/Info.plist;
				LD_RUNPATH_SEARCH_PATHS = "$(inherited) @executable_path/Frameworks";
				PRODUCT_BUNDLE_IDENTIFIER = eu.iseven.VirtualCoach;
				PRODUCT_NAME = "$(TARGET_NAME)";
			};
			name = Debug;
		};
		8ABE3DB81C78F77300AF659B /* Release */ = {
			isa = XCBuildConfiguration;
			buildSettings = {
				ASSETCATALOG_COMPILER_APPICON_NAME = AppIcon;
				INFOPLIST_FILE = VirtualCoach/Info.plist;
				LD_RUNPATH_SEARCH_PATHS = "$(inherited) @executable_path/Frameworks";
				PRODUCT_BUNDLE_IDENTIFIER = eu.iseven.VirtualCoach;
				PRODUCT_NAME = "$(TARGET_NAME)";
			};
			name = Release;
		};
		8ABE3DBA1C78F77300AF659B /* Debug */ = {
			isa = XCBuildConfiguration;
			buildSettings = {
				BUNDLE_LOADER = "$(TEST_HOST)";
				INFOPLIST_FILE = VirtualCoachTests/Info.plist;
				LD_RUNPATH_SEARCH_PATHS = "$(inherited) @executable_path/Frameworks @loader_path/Frameworks";
				PRODUCT_BUNDLE_IDENTIFIER = eu.iseven.VirtualCoachTests;
				PRODUCT_NAME = "$(TARGET_NAME)";
				TEST_HOST = "$(BUILT_PRODUCTS_DIR)/VirtualCoach.app/VirtualCoach";
			};
			name = Debug;
		};
		8ABE3DBB1C78F77300AF659B /* Release */ = {
			isa = XCBuildConfiguration;
			buildSettings = {
				BUNDLE_LOADER = "$(TEST_HOST)";
				INFOPLIST_FILE = VirtualCoachTests/Info.plist;
				LD_RUNPATH_SEARCH_PATHS = "$(inherited) @executable_path/Frameworks @loader_path/Frameworks";
				PRODUCT_BUNDLE_IDENTIFIER = eu.iseven.VirtualCoachTests;
				PRODUCT_NAME = "$(TARGET_NAME)";
				TEST_HOST = "$(BUILT_PRODUCTS_DIR)/VirtualCoach.app/VirtualCoach";
			};
			name = Release;
		};
		8ABE3DBD1C78F77300AF659B /* Debug */ = {
			isa = XCBuildConfiguration;
			buildSettings = {
				INFOPLIST_FILE = VirtualCoachUITests/Info.plist;
				LD_RUNPATH_SEARCH_PATHS = "$(inherited) @executable_path/Frameworks @loader_path/Frameworks";
				PRODUCT_BUNDLE_IDENTIFIER = eu.iseven.VirtualCoachUITests;
				PRODUCT_NAME = "$(TARGET_NAME)";
				TEST_TARGET_NAME = VirtualCoach;
				USES_XCTRUNNER = YES;
			};
			name = Debug;
		};
		8ABE3DBE1C78F77300AF659B /* Release */ = {
			isa = XCBuildConfiguration;
			buildSettings = {
				INFOPLIST_FILE = VirtualCoachUITests/Info.plist;
				LD_RUNPATH_SEARCH_PATHS = "$(inherited) @executable_path/Frameworks @loader_path/Frameworks";
				PRODUCT_BUNDLE_IDENTIFIER = eu.iseven.VirtualCoachUITests;
				PRODUCT_NAME = "$(TARGET_NAME)";
				TEST_TARGET_NAME = VirtualCoach;
				USES_XCTRUNNER = YES;
			};
			name = Release;
		};
/* End XCBuildConfiguration section */

/* Begin XCConfigurationList section */
		8ABE3D841C78F77300AF659B /* Build configuration list for PBXProject "VirtualCoach" */ = {
			isa = XCConfigurationList;
			buildConfigurations = (
				8ABE3DB41C78F77300AF659B /* Debug */,
				8ABE3DB51C78F77300AF659B /* Release */,
			);
			defaultConfigurationIsVisible = 0;
			defaultConfigurationName = Release;
		};
		8ABE3DB61C78F77300AF659B /* Build configuration list for PBXNativeTarget "VirtualCoach" */ = {
			isa = XCConfigurationList;
			buildConfigurations = (
				8ABE3DB71C78F77300AF659B /* Debug */,
				8ABE3DB81C78F77300AF659B /* Release */,
			);
			defaultConfigurationIsVisible = 0;
		};
		8ABE3DB91C78F77300AF659B /* Build configuration list for PBXNativeTarget "VirtualCoachTests" */ = {
			isa = XCConfigurationList;
			buildConfigurations = (
				8ABE3DBA1C78F77300AF659B /* Debug */,
				8ABE3DBB1C78F77300AF659B /* Release */,
			);
			defaultConfigurationIsVisible = 0;
		};
		8ABE3DBC1C78F77300AF659B /* Build configuration list for PBXNativeTarget "VirtualCoachUITests" */ = {
			isa = XCConfigurationList;
			buildConfigurations = (
				8ABE3DBD1C78F77300AF659B /* Debug */,
				8ABE3DBE1C78F77300AF659B /* Release */,
			);
			defaultConfigurationIsVisible = 0;
		};
/* End XCConfigurationList section */
	};
	rootObject = 8ABE3D811C78F77300AF659B /* Project object */;
}
